// !$*UTF8*$!
{
	archiveVersion = 1;
	classes = {
	};
	objectVersion = 50;
	objects = {

/* Begin PBXBuildFile section */
		059020F121A2CE1A00E91FCC /* AppDelegate.swift in Sources */ = {isa = PBXBuildFile; fileRef = 059020F021A2CE1A00E91FCC /* AppDelegate.swift */; };
		059020F321A2CE1A00E91FCC /* ViewController.swift in Sources */ = {isa = PBXBuildFile; fileRef = 059020F221A2CE1A00E91FCC /* ViewController.swift */; };
		059020F621A2CE1A00E91FCC /* Main.storyboard in Resources */ = {isa = PBXBuildFile; fileRef = 059020F421A2CE1A00E91FCC /* Main.storyboard */; };
		059020F921A2CE1A00E91FCC /* MovieFinder.xcdatamodeld in Sources */ = {isa = PBXBuildFile; fileRef = 059020F721A2CE1A00E91FCC /* MovieFinder.xcdatamodeld */; };
		059020FB21A2CE1B00E91FCC /* Assets.xcassets in Resources */ = {isa = PBXBuildFile; fileRef = 059020FA21A2CE1B00E91FCC /* Assets.xcassets */; };
		059020FE21A2CE1B00E91FCC /* LaunchScreen.storyboard in Resources */ = {isa = PBXBuildFile; fileRef = 059020FC21A2CE1B00E91FCC /* LaunchScreen.storyboard */; };
		0590210921A2CE1B00E91FCC /* MovieFinderTests.swift in Sources */ = {isa = PBXBuildFile; fileRef = 0590210821A2CE1B00E91FCC /* MovieFinderTests.swift */; };
		0590211A21A2D57700E91FCC /* Alamofire.framework in Frameworks */ = {isa = PBXBuildFile; fileRef = 0590211421A2D57700E91FCC /* Alamofire.framework */; };
		0590211B21A2D57700E91FCC /* Kingfisher.framework in Frameworks */ = {isa = PBXBuildFile; fileRef = 0590211521A2D57700E91FCC /* Kingfisher.framework */; };
		0590211C21A2D57700E91FCC /* CocoaLumberjack.framework in Frameworks */ = {isa = PBXBuildFile; fileRef = 0590211621A2D57700E91FCC /* CocoaLumberjack.framework */; };
		0590211D21A2D57700E91FCC /* SnapKit.framework in Frameworks */ = {isa = PBXBuildFile; fileRef = 0590211721A2D57700E91FCC /* SnapKit.framework */; };
		0590211E21A2D57700E91FCC /* CocoaLumberjackSwift.framework in Frameworks */ = {isa = PBXBuildFile; fileRef = 0590211821A2D57700E91FCC /* CocoaLumberjackSwift.framework */; };
		0590211F21A2D57700E91FCC /* XCDYouTubeKit.framework in Frameworks */ = {isa = PBXBuildFile; fileRef = 0590211921A2D57700E91FCC /* XCDYouTubeKit.framework */; };
		0590212521A2D6B600E91FCC /* PopularMoviesViewController.swift in Sources */ = {isa = PBXBuildFile; fileRef = 0590212421A2D6B600E91FCC /* PopularMoviesViewController.swift */; };
		0590212821A2D7D600E91FCC /* Color+MovieFinder.swift in Sources */ = {isa = PBXBuildFile; fileRef = 0590212721A2D7D600E91FCC /* Color+MovieFinder.swift */; };
		0590212B21A2D90F00E91FCC /* NavigationController+lightContent.swift in Sources */ = {isa = PBXBuildFile; fileRef = 0590212A21A2D90F00E91FCC /* NavigationController+lightContent.swift */; };
		0590212E21A2DAD000E91FCC /* MovieCell.swift in Sources */ = {isa = PBXBuildFile; fileRef = 0590212D21A2DAD000E91FCC /* MovieCell.swift */; };
		0590213221A2DCF000E91FCC /* Response.swift in Sources */ = {isa = PBXBuildFile; fileRef = 0590213121A2DCEF00E91FCC /* Response.swift */; };
		0590213421A2DD0900E91FCC /* Movie.swift in Sources */ = {isa = PBXBuildFile; fileRef = 0590213321A2DD0900E91FCC /* Movie.swift */; };
		0590213621A2DD3600E91FCC /* Video.swift in Sources */ = {isa = PBXBuildFile; fileRef = 0590213521A2DD3600E91FCC /* Video.swift */; };
		0590213921A2DD7A00E91FCC /* Constants.swift in Sources */ = {isa = PBXBuildFile; fileRef = 0590213821A2DD7A00E91FCC /* Constants.swift */; };
		0590213C21A2DDCF00E91FCC /* ApiClient.swift in Sources */ = {isa = PBXBuildFile; fileRef = 0590213A21A2DDCF00E91FCC /* ApiClient.swift */; };
		0590213D21A2DDCF00E91FCC /* MovieRouter.swift in Sources */ = {isa = PBXBuildFile; fileRef = 0590213B21A2DDCF00E91FCC /* MovieRouter.swift */; };
		0590213F21A2DDF600E91FCC /* ApiKeys.swift in Sources */ = {isa = PBXBuildFile; fileRef = 0590213E21A2DDF600E91FCC /* ApiKeys.swift */; };
		0590214121A2DFD600E91FCC /* UIViewContoller+alertable.swift in Sources */ = {isa = PBXBuildFile; fileRef = 0590214021A2DFD600E91FCC /* UIViewContoller+alertable.swift */; };
/* End PBXBuildFile section */

/* Begin PBXContainerItemProxy section */
		0590210521A2CE1B00E91FCC /* PBXContainerItemProxy */ = {
			isa = PBXContainerItemProxy;
			containerPortal = 059020E521A2CE1A00E91FCC /* Project object */;
			proxyType = 1;
			remoteGlobalIDString = 059020EC21A2CE1A00E91FCC;
			remoteInfo = MovieFinder;
		};
/* End PBXContainerItemProxy section */

/* Begin PBXFileReference section */
		059020ED21A2CE1A00E91FCC /* MovieFinder.app */ = {isa = PBXFileReference; explicitFileType = wrapper.application; includeInIndex = 0; path = MovieFinder.app; sourceTree = BUILT_PRODUCTS_DIR; };
		059020F021A2CE1A00E91FCC /* AppDelegate.swift */ = {isa = PBXFileReference; lastKnownFileType = sourcecode.swift; path = AppDelegate.swift; sourceTree = "<group>"; };
		059020F221A2CE1A00E91FCC /* ViewController.swift */ = {isa = PBXFileReference; lastKnownFileType = sourcecode.swift; path = ViewController.swift; sourceTree = "<group>"; };
		059020F521A2CE1A00E91FCC /* Base */ = {isa = PBXFileReference; lastKnownFileType = file.storyboard; name = Base; path = Base.lproj/Main.storyboard; sourceTree = "<group>"; };
		059020F821A2CE1A00E91FCC /* MovieFinder.xcdatamodel */ = {isa = PBXFileReference; lastKnownFileType = wrapper.xcdatamodel; path = MovieFinder.xcdatamodel; sourceTree = "<group>"; };
		059020FA21A2CE1B00E91FCC /* Assets.xcassets */ = {isa = PBXFileReference; lastKnownFileType = folder.assetcatalog; path = Assets.xcassets; sourceTree = "<group>"; };
		059020FD21A2CE1B00E91FCC /* Base */ = {isa = PBXFileReference; lastKnownFileType = file.storyboard; name = Base; path = Base.lproj/LaunchScreen.storyboard; sourceTree = "<group>"; };
		059020FF21A2CE1B00E91FCC /* Info.plist */ = {isa = PBXFileReference; lastKnownFileType = text.plist.xml; path = Info.plist; sourceTree = "<group>"; };
		0590210421A2CE1B00E91FCC /* MovieFinderTests.xctest */ = {isa = PBXFileReference; explicitFileType = wrapper.cfbundle; includeInIndex = 0; path = MovieFinderTests.xctest; sourceTree = BUILT_PRODUCTS_DIR; };
		0590210821A2CE1B00E91FCC /* MovieFinderTests.swift */ = {isa = PBXFileReference; lastKnownFileType = sourcecode.swift; path = MovieFinderTests.swift; sourceTree = "<group>"; };
		0590210A21A2CE1B00E91FCC /* Info.plist */ = {isa = PBXFileReference; lastKnownFileType = text.plist.xml; path = Info.plist; sourceTree = "<group>"; };
		0590211421A2D57700E91FCC /* Alamofire.framework */ = {isa = PBXFileReference; lastKnownFileType = wrapper.framework; name = Alamofire.framework; path = Carthage/Build/iOS/Alamofire.framework; sourceTree = "<group>"; };
		0590211521A2D57700E91FCC /* Kingfisher.framework */ = {isa = PBXFileReference; lastKnownFileType = wrapper.framework; name = Kingfisher.framework; path = Carthage/Build/iOS/Kingfisher.framework; sourceTree = "<group>"; };
		0590211621A2D57700E91FCC /* CocoaLumberjack.framework */ = {isa = PBXFileReference; lastKnownFileType = wrapper.framework; name = CocoaLumberjack.framework; path = Carthage/Build/iOS/CocoaLumberjack.framework; sourceTree = "<group>"; };
		0590211721A2D57700E91FCC /* SnapKit.framework */ = {isa = PBXFileReference; lastKnownFileType = wrapper.framework; name = SnapKit.framework; path = Carthage/Build/iOS/SnapKit.framework; sourceTree = "<group>"; };
		0590211821A2D57700E91FCC /* CocoaLumberjackSwift.framework */ = {isa = PBXFileReference; lastKnownFileType = wrapper.framework; name = CocoaLumberjackSwift.framework; path = Carthage/Build/iOS/CocoaLumberjackSwift.framework; sourceTree = "<group>"; };
		0590211921A2D57700E91FCC /* XCDYouTubeKit.framework */ = {isa = PBXFileReference; lastKnownFileType = wrapper.framework; name = XCDYouTubeKit.framework; path = Carthage/Build/iOS/XCDYouTubeKit.framework; sourceTree = "<group>"; };
		0590212421A2D6B600E91FCC /* PopularMoviesViewController.swift */ = {isa = PBXFileReference; lastKnownFileType = sourcecode.swift; path = PopularMoviesViewController.swift; sourceTree = "<group>"; };
		0590212721A2D7D600E91FCC /* Color+MovieFinder.swift */ = {isa = PBXFileReference; lastKnownFileType = sourcecode.swift; path = "Color+MovieFinder.swift"; sourceTree = "<group>"; };
		0590212A21A2D90F00E91FCC /* NavigationController+lightContent.swift */ = {isa = PBXFileReference; lastKnownFileType = sourcecode.swift; path = "NavigationController+lightContent.swift"; sourceTree = "<group>"; };
		0590212D21A2DAD000E91FCC /* MovieCell.swift */ = {isa = PBXFileReference; lastKnownFileType = sourcecode.swift; path = MovieCell.swift; sourceTree = "<group>"; };
		0590213121A2DCEF00E91FCC /* Response.swift */ = {isa = PBXFileReference; lastKnownFileType = sourcecode.swift; path = Response.swift; sourceTree = "<group>"; };
		0590213321A2DD0900E91FCC /* Movie.swift */ = {isa = PBXFileReference; lastKnownFileType = sourcecode.swift; path = Movie.swift; sourceTree = "<group>"; };
		0590213521A2DD3600E91FCC /* Video.swift */ = {isa = PBXFileReference; lastKnownFileType = sourcecode.swift; path = Video.swift; sourceTree = "<group>"; };
		0590213821A2DD7A00E91FCC /* Constants.swift */ = {isa = PBXFileReference; lastKnownFileType = sourcecode.swift; path = Constants.swift; sourceTree = "<group>"; };
		0590213A21A2DDCF00E91FCC /* ApiClient.swift */ = {isa = PBXFileReference; fileEncoding = 4; lastKnownFileType = sourcecode.swift; path = ApiClient.swift; sourceTree = "<group>"; };
		0590213B21A2DDCF00E91FCC /* MovieRouter.swift */ = {isa = PBXFileReference; fileEncoding = 4; lastKnownFileType = sourcecode.swift; path = MovieRouter.swift; sourceTree = "<group>"; };
		0590213E21A2DDF600E91FCC /* ApiKeys.swift */ = {isa = PBXFileReference; lastKnownFileType = sourcecode.swift; path = ApiKeys.swift; sourceTree = "<group>"; };
		0590214021A2DFD600E91FCC /* UIViewContoller+alertable.swift */ = {isa = PBXFileReference; lastKnownFileType = sourcecode.swift; path = "UIViewContoller+alertable.swift"; sourceTree = "<group>"; };
/* End PBXFileReference section */

/* Begin PBXFrameworksBuildPhase section */
		059020EA21A2CE1A00E91FCC /* Frameworks */ = {
			isa = PBXFrameworksBuildPhase;
			buildActionMask = 2147483647;
			files = (
				0590211A21A2D57700E91FCC /* Alamofire.framework in Frameworks */,
				0590211B21A2D57700E91FCC /* Kingfisher.framework in Frameworks */,
				0590211C21A2D57700E91FCC /* CocoaLumberjack.framework in Frameworks */,
				0590211D21A2D57700E91FCC /* SnapKit.framework in Frameworks */,
				0590211E21A2D57700E91FCC /* CocoaLumberjackSwift.framework in Frameworks */,
				0590211F21A2D57700E91FCC /* XCDYouTubeKit.framework in Frameworks */,
			);
			runOnlyForDeploymentPostprocessing = 0;
		};
		0590210121A2CE1B00E91FCC /* Frameworks */ = {
			isa = PBXFrameworksBuildPhase;
			buildActionMask = 2147483647;
			files = (
			);
			runOnlyForDeploymentPostprocessing = 0;
		};
/* End PBXFrameworksBuildPhase section */

/* Begin PBXGroup section */
		059020E421A2CE1A00E91FCC = {
			isa = PBXGroup;
			children = (
				059020EF21A2CE1A00E91FCC /* MovieFinder */,
				0590210721A2CE1B00E91FCC /* MovieFinderTests */,
				059020EE21A2CE1A00E91FCC /* Products */,
				0590211321A2D57700E91FCC /* Frameworks */,
			);
			sourceTree = "<group>";
		};
		059020EE21A2CE1A00E91FCC /* Products */ = {
			isa = PBXGroup;
			children = (
				059020ED21A2CE1A00E91FCC /* MovieFinder.app */,
				0590210421A2CE1B00E91FCC /* MovieFinderTests.xctest */,
			);
			name = Products;
			sourceTree = "<group>";
		};
		059020EF21A2CE1A00E91FCC /* MovieFinder */ = {
			isa = PBXGroup;
			children = (
				0590213721A2DD6F00E91FCC /* Helpers */,
				0590212F21A2DCCA00E91FCC /* Networking */,
				0590212121A2D65300E91FCC /* UI */,
				059020F221A2CE1A00E91FCC /* ViewController.swift */,
				059020F421A2CE1A00E91FCC /* Main.storyboard */,
				059020FA21A2CE1B00E91FCC /* Assets.xcassets */,
				059020FC21A2CE1B00E91FCC /* LaunchScreen.storyboard */,
				059020FF21A2CE1B00E91FCC /* Info.plist */,
				059020F721A2CE1A00E91FCC /* MovieFinder.xcdatamodeld */,
			);
			path = MovieFinder;
			sourceTree = "<group>";
		};
		0590210721A2CE1B00E91FCC /* MovieFinderTests */ = {
			isa = PBXGroup;
			children = (
				0590210821A2CE1B00E91FCC /* MovieFinderTests.swift */,
				0590210A21A2CE1B00E91FCC /* Info.plist */,
			);
			path = MovieFinderTests;
			sourceTree = "<group>";
		};
		0590211321A2D57700E91FCC /* Frameworks */ = {
			isa = PBXGroup;
			children = (
				0590211421A2D57700E91FCC /* Alamofire.framework */,
				0590211621A2D57700E91FCC /* CocoaLumberjack.framework */,
				0590211821A2D57700E91FCC /* CocoaLumberjackSwift.framework */,
				0590211521A2D57700E91FCC /* Kingfisher.framework */,
				0590211721A2D57700E91FCC /* SnapKit.framework */,
				0590211921A2D57700E91FCC /* XCDYouTubeKit.framework */,
			);
			name = Frameworks;
			sourceTree = "<group>";
		};
		0590212121A2D65300E91FCC /* UI */ = {
			isa = PBXGroup;
			children = (
				0590212921A2D90200E91FCC /* Extension */,
				0590212621A2D7C200E91FCC /* Shared */,
				0590212321A2D65F00E91FCC /* Scenes */,
				0590212221A2D65B00E91FCC /* App */,
			);
			path = UI;
			sourceTree = "<group>";
		};
		0590212221A2D65B00E91FCC /* App */ = {
			isa = PBXGroup;
			children = (
				059020F021A2CE1A00E91FCC /* AppDelegate.swift */,
			);
			path = App;
			sourceTree = "<group>";
		};
		0590212321A2D65F00E91FCC /* Scenes */ = {
			isa = PBXGroup;
			children = (
				0590212C21A2DAC000E91FCC /* Popular movies */,
			);
			path = Scenes;
			sourceTree = "<group>";
		};
		0590212621A2D7C200E91FCC /* Shared */ = {
			isa = PBXGroup;
			children = (
				0590212721A2D7D600E91FCC /* Color+MovieFinder.swift */,
			);
			path = Shared;
			sourceTree = "<group>";
		};
		0590212921A2D90200E91FCC /* Extension */ = {
			isa = PBXGroup;
			children = (
				0590212A21A2D90F00E91FCC /* NavigationController+lightContent.swift */,
				0590214021A2DFD600E91FCC /* UIViewContoller+alertable.swift */,
			);
			path = Extension;
			sourceTree = "<group>";
		};
		0590212C21A2DAC000E91FCC /* Popular movies */ = {
			isa = PBXGroup;
			children = (
				0590212421A2D6B600E91FCC /* PopularMoviesViewController.swift */,
				0590212D21A2DAD000E91FCC /* MovieCell.swift */,
			);
			path = "Popular movies";
			sourceTree = "<group>";
		};
		0590212F21A2DCCA00E91FCC /* Networking */ = {
			isa = PBXGroup;
			children = (
				0590213A21A2DDCF00E91FCC /* ApiClient.swift */,
				0590213B21A2DDCF00E91FCC /* MovieRouter.swift */,
				0590213021A2DCD600E91FCC /* Model */,
			);
			path = Networking;
			sourceTree = "<group>";
		};
		0590213021A2DCD600E91FCC /* Model */ = {
			isa = PBXGroup;
			children = (
				0590213121A2DCEF00E91FCC /* Response.swift */,
				0590213321A2DD0900E91FCC /* Movie.swift */,
				0590213521A2DD3600E91FCC /* Video.swift */,
			);
			path = Model;
			sourceTree = "<group>";
		};
		0590213721A2DD6F00E91FCC /* Helpers */ = {
			isa = PBXGroup;
			children = (
				0590213821A2DD7A00E91FCC /* Constants.swift */,
				0590213E21A2DDF600E91FCC /* ApiKeys.swift */,
			);
			path = Helpers;
			sourceTree = "<group>";
		};
/* End PBXGroup section */

/* Begin PBXNativeTarget section */
		059020EC21A2CE1A00E91FCC /* MovieFinder */ = {
			isa = PBXNativeTarget;
			buildConfigurationList = 0590210D21A2CE1B00E91FCC /* Build configuration list for PBXNativeTarget "MovieFinder" */;
			buildPhases = (
				059020E921A2CE1A00E91FCC /* Sources */,
				059020EA21A2CE1A00E91FCC /* Frameworks */,
				059020EB21A2CE1A00E91FCC /* Resources */,
				0590212021A2D57F00E91FCC /* Carthage */,
			);
			buildRules = (
			);
			dependencies = (
			);
			name = MovieFinder;
			productName = MovieFinder;
			productReference = 059020ED21A2CE1A00E91FCC /* MovieFinder.app */;
			productType = "com.apple.product-type.application";
		};
		0590210321A2CE1B00E91FCC /* MovieFinderTests */ = {
			isa = PBXNativeTarget;
			buildConfigurationList = 0590211021A2CE1B00E91FCC /* Build configuration list for PBXNativeTarget "MovieFinderTests" */;
			buildPhases = (
				0590210021A2CE1B00E91FCC /* Sources */,
				0590210121A2CE1B00E91FCC /* Frameworks */,
				0590210221A2CE1B00E91FCC /* Resources */,
			);
			buildRules = (
			);
			dependencies = (
				0590210621A2CE1B00E91FCC /* PBXTargetDependency */,
			);
			name = MovieFinderTests;
			productName = MovieFinderTests;
			productReference = 0590210421A2CE1B00E91FCC /* MovieFinderTests.xctest */;
			productType = "com.apple.product-type.bundle.unit-test";
		};
/* End PBXNativeTarget section */

/* Begin PBXProject section */
		059020E521A2CE1A00E91FCC /* Project object */ = {
			isa = PBXProject;
			attributes = {
				LastSwiftUpdateCheck = 1010;
				LastUpgradeCheck = 1010;
				ORGANIZATIONNAME = kreatimont;
				TargetAttributes = {
					059020EC21A2CE1A00E91FCC = {
						CreatedOnToolsVersion = 10.1;
					};
					0590210321A2CE1B00E91FCC = {
						CreatedOnToolsVersion = 10.1;
						TestTargetID = 059020EC21A2CE1A00E91FCC;
					};
				};
			};
			buildConfigurationList = 059020E821A2CE1A00E91FCC /* Build configuration list for PBXProject "MovieFinder" */;
			compatibilityVersion = "Xcode 9.3";
			developmentRegion = en;
			hasScannedForEncodings = 0;
			knownRegions = (
				en,
				Base,
			);
			mainGroup = 059020E421A2CE1A00E91FCC;
			productRefGroup = 059020EE21A2CE1A00E91FCC /* Products */;
			projectDirPath = "";
			projectRoot = "";
			targets = (
				059020EC21A2CE1A00E91FCC /* MovieFinder */,
				0590210321A2CE1B00E91FCC /* MovieFinderTests */,
			);
		};
/* End PBXProject section */

/* Begin PBXResourcesBuildPhase section */
		059020EB21A2CE1A00E91FCC /* Resources */ = {
			isa = PBXResourcesBuildPhase;
			buildActionMask = 2147483647;
			files = (
				059020FE21A2CE1B00E91FCC /* LaunchScreen.storyboard in Resources */,
				059020FB21A2CE1B00E91FCC /* Assets.xcassets in Resources */,
				059020F621A2CE1A00E91FCC /* Main.storyboard in Resources */,
			);
			runOnlyForDeploymentPostprocessing = 0;
		};
		0590210221A2CE1B00E91FCC /* Resources */ = {
			isa = PBXResourcesBuildPhase;
			buildActionMask = 2147483647;
			files = (
			);
			runOnlyForDeploymentPostprocessing = 0;
		};
/* End PBXResourcesBuildPhase section */

/* Begin PBXShellScriptBuildPhase section */
		0590212021A2D57F00E91FCC /* Carthage */ = {
			isa = PBXShellScriptBuildPhase;
			buildActionMask = 2147483647;
			files = (
			);
			inputFileListPaths = (
			);
			inputPaths = (
				"$(SRCROOT)/Carthage/Build/iOS/SnapKit.framework",
				"$(SRCROOT)/Carthage/Build/iOS/Alamofire.framework",
				"$(SRCROOT)/Carthage/Build/iOS/CocoaLumberjackSwift.framework",
				"$(SRCROOT)/Carthage/Build/iOS/CocoaLumberjack.framework",
				"$(SRCROOT)/Carthage/Build/iOS/XCDYouTubeKit.framework",
				"$(SRCROOT)/Carthage/Build/iOS/Kingfisher.framework",
			);
			name = Carthage;
			outputFileListPaths = (
			);
			outputPaths = (
			);
			runOnlyForDeploymentPostprocessing = 0;
			shellPath = /bin/sh;
			shellScript = "/usr/local/bin/carthage copy-frameworks\n";
		};
/* End PBXShellScriptBuildPhase section */

/* Begin PBXSourcesBuildPhase section */
		059020E921A2CE1A00E91FCC /* Sources */ = {
			isa = PBXSourcesBuildPhase;
			buildActionMask = 2147483647;
			files = (
				0590213F21A2DDF600E91FCC /* ApiKeys.swift in Sources */,
				0590213221A2DCF000E91FCC /* Response.swift in Sources */,
				0590213921A2DD7A00E91FCC /* Constants.swift in Sources */,
				0590214121A2DFD600E91FCC /* UIViewContoller+alertable.swift in Sources */,
				0590212E21A2DAD000E91FCC /* MovieCell.swift in Sources */,
				0590213421A2DD0900E91FCC /* Movie.swift in Sources */,
				059020F321A2CE1A00E91FCC /* ViewController.swift in Sources */,
				0590213D21A2DDCF00E91FCC /* MovieRouter.swift in Sources */,
				059020F121A2CE1A00E91FCC /* AppDelegate.swift in Sources */,
				0590212B21A2D90F00E91FCC /* NavigationController+lightContent.swift in Sources */,
				059020F921A2CE1A00E91FCC /* MovieFinder.xcdatamodeld in Sources */,
				0590212521A2D6B600E91FCC /* PopularMoviesViewController.swift in Sources */,
				0590212821A2D7D600E91FCC /* Color+MovieFinder.swift in Sources */,
				0590213621A2DD3600E91FCC /* Video.swift in Sources */,
				0590213C21A2DDCF00E91FCC /* ApiClient.swift in Sources */,
			);
			runOnlyForDeploymentPostprocessing = 0;
		};
		0590210021A2CE1B00E91FCC /* Sources */ = {
			isa = PBXSourcesBuildPhase;
			buildActionMask = 2147483647;
			files = (
				0590210921A2CE1B00E91FCC /* MovieFinderTests.swift in Sources */,
			);
			runOnlyForDeploymentPostprocessing = 0;
		};
/* End PBXSourcesBuildPhase section */

/* Begin PBXTargetDependency section */
		0590210621A2CE1B00E91FCC /* PBXTargetDependency */ = {
			isa = PBXTargetDependency;
			target = 059020EC21A2CE1A00E91FCC /* MovieFinder */;
			targetProxy = 0590210521A2CE1B00E91FCC /* PBXContainerItemProxy */;
		};
/* End PBXTargetDependency section */

/* Begin PBXVariantGroup section */
		059020F421A2CE1A00E91FCC /* Main.storyboard */ = {
			isa = PBXVariantGroup;
			children = (
				059020F521A2CE1A00E91FCC /* Base */,
			);
			name = Main.storyboard;
			sourceTree = "<group>";
		};
		059020FC21A2CE1B00E91FCC /* LaunchScreen.storyboard */ = {
			isa = PBXVariantGroup;
			children = (
				059020FD21A2CE1B00E91FCC /* Base */,
			);
			name = LaunchScreen.storyboard;
			sourceTree = "<group>";
		};
/* End PBXVariantGroup section */

/* Begin XCBuildConfiguration section */
		0590210B21A2CE1B00E91FCC /* Debug */ = {
			isa = XCBuildConfiguration;
			buildSettings = {
				ALWAYS_SEARCH_USER_PATHS = NO;
				CLANG_ANALYZER_NONNULL = YES;
				CLANG_ANALYZER_NUMBER_OBJECT_CONVERSION = YES_AGGRESSIVE;
				CLANG_CXX_LANGUAGE_STANDARD = "gnu++14";
				CLANG_CXX_LIBRARY = "libc++";
				CLANG_ENABLE_MODULES = YES;
				CLANG_ENABLE_OBJC_ARC = YES;
				CLANG_ENABLE_OBJC_WEAK = YES;
				CLANG_WARN_BLOCK_CAPTURE_AUTORELEASING = YES;
				CLANG_WARN_BOOL_CONVERSION = YES;
				CLANG_WARN_COMMA = YES;
				CLANG_WARN_CONSTANT_CONVERSION = YES;
				CLANG_WARN_DEPRECATED_OBJC_IMPLEMENTATIONS = YES;
				CLANG_WARN_DIRECT_OBJC_ISA_USAGE = YES_ERROR;
				CLANG_WARN_DOCUMENTATION_COMMENTS = YES;
				CLANG_WARN_EMPTY_BODY = YES;
				CLANG_WARN_ENUM_CONVERSION = YES;
				CLANG_WARN_INFINITE_RECURSION = YES;
				CLANG_WARN_INT_CONVERSION = YES;
				CLANG_WARN_NON_LITERAL_NULL_CONVERSION = YES;
				CLANG_WARN_OBJC_IMPLICIT_RETAIN_SELF = YES;
				CLANG_WARN_OBJC_LITERAL_CONVERSION = YES;
				CLANG_WARN_OBJC_ROOT_CLASS = YES_ERROR;
				CLANG_WARN_RANGE_LOOP_ANALYSIS = YES;
				CLANG_WARN_STRICT_PROTOTYPES = YES;
				CLANG_WARN_SUSPICIOUS_MOVE = YES;
				CLANG_WARN_UNGUARDED_AVAILABILITY = YES_AGGRESSIVE;
				CLANG_WARN_UNREACHABLE_CODE = YES;
				CLANG_WARN__DUPLICATE_METHOD_MATCH = YES;
				CODE_SIGN_IDENTITY = "iPhone Developer";
				COPY_PHASE_STRIP = NO;
				DEBUG_INFORMATION_FORMAT = dwarf;
				ENABLE_STRICT_OBJC_MSGSEND = YES;
				ENABLE_TESTABILITY = YES;
				GCC_C_LANGUAGE_STANDARD = gnu11;
				GCC_DYNAMIC_NO_PIC = NO;
				GCC_NO_COMMON_BLOCKS = YES;
				GCC_OPTIMIZATION_LEVEL = 0;
				GCC_PREPROCESSOR_DEFINITIONS = (
					"DEBUG=1",
					"$(inherited)",
				);
				GCC_WARN_64_TO_32_BIT_CONVERSION = YES;
				GCC_WARN_ABOUT_RETURN_TYPE = YES_ERROR;
				GCC_WARN_UNDECLARED_SELECTOR = YES;
				GCC_WARN_UNINITIALIZED_AUTOS = YES_AGGRESSIVE;
				GCC_WARN_UNUSED_FUNCTION = YES;
				GCC_WARN_UNUSED_VARIABLE = YES;
				IPHONEOS_DEPLOYMENT_TARGET = 12.1;
				MTL_ENABLE_DEBUG_INFO = INCLUDE_SOURCE;
				MTL_FAST_MATH = YES;
				ONLY_ACTIVE_ARCH = YES;
				SDKROOT = iphoneos;
				SWIFT_ACTIVE_COMPILATION_CONDITIONS = DEBUG;
				SWIFT_OPTIMIZATION_LEVEL = "-Onone";
			};
			name = Debug;
		};
		0590210C21A2CE1B00E91FCC /* Release */ = {
			isa = XCBuildConfiguration;
			buildSettings = {
				ALWAYS_SEARCH_USER_PATHS = NO;
				CLANG_ANALYZER_NONNULL = YES;
				CLANG_ANALYZER_NUMBER_OBJECT_CONVERSION = YES_AGGRESSIVE;
				CLANG_CXX_LANGUAGE_STANDARD = "gnu++14";
				CLANG_CXX_LIBRARY = "libc++";
				CLANG_ENABLE_MODULES = YES;
				CLANG_ENABLE_OBJC_ARC = YES;
				CLANG_ENABLE_OBJC_WEAK = YES;
				CLANG_WARN_BLOCK_CAPTURE_AUTORELEASING = YES;
				CLANG_WARN_BOOL_CONVERSION = YES;
				CLANG_WARN_COMMA = YES;
				CLANG_WARN_CONSTANT_CONVERSION = YES;
				CLANG_WARN_DEPRECATED_OBJC_IMPLEMENTATIONS = YES;
				CLANG_WARN_DIRECT_OBJC_ISA_USAGE = YES_ERROR;
				CLANG_WARN_DOCUMENTATION_COMMENTS = YES;
				CLANG_WARN_EMPTY_BODY = YES;
				CLANG_WARN_ENUM_CONVERSION = YES;
				CLANG_WARN_INFINITE_RECURSION = YES;
				CLANG_WARN_INT_CONVERSION = YES;
				CLANG_WARN_NON_LITERAL_NULL_CONVERSION = YES;
				CLANG_WARN_OBJC_IMPLICIT_RETAIN_SELF = YES;
				CLANG_WARN_OBJC_LITERAL_CONVERSION = YES;
				CLANG_WARN_OBJC_ROOT_CLASS = YES_ERROR;
				CLANG_WARN_RANGE_LOOP_ANALYSIS = YES;
				CLANG_WARN_STRICT_PROTOTYPES = YES;
				CLANG_WARN_SUSPICIOUS_MOVE = YES;
				CLANG_WARN_UNGUARDED_AVAILABILITY = YES_AGGRESSIVE;
				CLANG_WARN_UNREACHABLE_CODE = YES;
				CLANG_WARN__DUPLICATE_METHOD_MATCH = YES;
				CODE_SIGN_IDENTITY = "iPhone Developer";
				COPY_PHASE_STRIP = NO;
				DEBUG_INFORMATION_FORMAT = "dwarf-with-dsym";
				ENABLE_NS_ASSERTIONS = NO;
				ENABLE_STRICT_OBJC_MSGSEND = YES;
				GCC_C_LANGUAGE_STANDARD = gnu11;
				GCC_NO_COMMON_BLOCKS = YES;
				GCC_WARN_64_TO_32_BIT_CONVERSION = YES;
				GCC_WARN_ABOUT_RETURN_TYPE = YES_ERROR;
				GCC_WARN_UNDECLARED_SELECTOR = YES;
				GCC_WARN_UNINITIALIZED_AUTOS = YES_AGGRESSIVE;
				GCC_WARN_UNUSED_FUNCTION = YES;
				GCC_WARN_UNUSED_VARIABLE = YES;
				IPHONEOS_DEPLOYMENT_TARGET = 12.1;
				MTL_ENABLE_DEBUG_INFO = NO;
				MTL_FAST_MATH = YES;
				SDKROOT = iphoneos;
				SWIFT_COMPILATION_MODE = wholemodule;
				SWIFT_OPTIMIZATION_LEVEL = "-O";
				VALIDATE_PRODUCT = YES;
			};
			name = Release;
		};
		0590210E21A2CE1B00E91FCC /* Debug */ = {
			isa = XCBuildConfiguration;
			buildSettings = {
				ASSETCATALOG_COMPILER_APPICON_NAME = AppIcon;
				CODE_SIGN_STYLE = Automatic;
				DEVELOPMENT_TEAM = WE6TMBW37E;
				FRAMEWORK_SEARCH_PATHS = (
					"$(inherited)",
					"$(PROJECT_DIR)/Carthage/Build/iOS",
				);
				INFOPLIST_FILE = MovieFinder/Info.plist;
				IPHONEOS_DEPLOYMENT_TARGET = 11.4;
				LD_RUNPATH_SEARCH_PATHS = (
					"$(inherited)",
					"@executable_path/Frameworks",
				);
				PRODUCT_BUNDLE_IDENTIFIER = kre.MovieFinder;
				PRODUCT_NAME = "$(TARGET_NAME)";
				SWIFT_VERSION = 4.2;
				TARGETED_DEVICE_FAMILY = "1,2";
			};
			name = Debug;
		};
		0590210F21A2CE1B00E91FCC /* Release */ = {
			isa = XCBuildConfiguration;
			buildSettings = {
				ASSETCATALOG_COMPILER_APPICON_NAME = AppIcon;
				CODE_SIGN_STYLE = Automatic;
				DEVELOPMENT_TEAM = WE6TMBW37E;
				FRAMEWORK_SEARCH_PATHS = (
					"$(inherited)",
					"$(PROJECT_DIR)/Carthage/Build/iOS",
				);
				INFOPLIST_FILE = MovieFinder/Info.plist;
				IPHONEOS_DEPLOYMENT_TARGET = 11.4;
				LD_RUNPATH_SEARCH_PATHS = (
					"$(inherited)",
					"@executable_path/Frameworks",
				);
				PRODUCT_BUNDLE_IDENTIFIER = kre.MovieFinder;
				PRODUCT_NAME = "$(TARGET_NAME)";
				SWIFT_VERSION = 4.2;
				TARGETED_DEVICE_FAMILY = "1,2";
			};
			name = Release;
		};
		0590211121A2CE1B00E91FCC /* Debug */ = {
			isa = XCBuildConfiguration;
			buildSettings = {
				ALWAYS_EMBED_SWIFT_STANDARD_LIBRARIES = YES;
				BUNDLE_LOADER = "$(TEST_HOST)";
				CODE_SIGN_STYLE = Automatic;
				DEVELOPMENT_TEAM = WE6TMBW37E;
				INFOPLIST_FILE = MovieFinderTests/Info.plist;
				LD_RUNPATH_SEARCH_PATHS = (
					"$(inherited)",
					"@executable_path/Frameworks",
					"@loader_path/Frameworks",
				);
				PRODUCT_BUNDLE_IDENTIFIER = kre.MovieFinderTests;
				PRODUCT_NAME = "$(TARGET_NAME)";
				SWIFT_VERSION = 4.2;
				TARGETED_DEVICE_FAMILY = "1,2";
				TEST_HOST = "$(BUILT_PRODUCTS_DIR)/MovieFinder.app/MovieFinder";
			};
			name = Debug;
		};
		0590211221A2CE1B00E91FCC /* Release */ = {
			isa = XCBuildConfiguration;
			buildSettings = {
				ALWAYS_EMBED_SWIFT_STANDARD_LIBRARIES = YES;
				BUNDLE_LOADER = "$(TEST_HOST)";
				CODE_SIGN_STYLE = Automatic;
				DEVELOPMENT_TEAM = WE6TMBW37E;
				INFOPLIST_FILE = MovieFinderTests/Info.plist;
				LD_RUNPATH_SEARCH_PATHS = (
					"$(inherited)",
					"@executable_path/Frameworks",
					"@loader_path/Frameworks",
				);
				PRODUCT_BUNDLE_IDENTIFIER = kre.MovieFinderTests;
				PRODUCT_NAME = "$(TARGET_NAME)";
				SWIFT_VERSION = 4.2;
				TARGETED_DEVICE_FAMILY = "1,2";
				TEST_HOST = "$(BUILT_PRODUCTS_DIR)/MovieFinder.app/MovieFinder";
			};
			name = Release;
		};
/* End XCBuildConfiguration section */

/* Begin XCConfigurationList section */
		059020E821A2CE1A00E91FCC /* Build configuration list for PBXProject "MovieFinder" */ = {
			isa = XCConfigurationList;
			buildConfigurations = (
				0590210B21A2CE1B00E91FCC /* Debug */,
				0590210C21A2CE1B00E91FCC /* Release */,
			);
			defaultConfigurationIsVisible = 0;
			defaultConfigurationName = Release;
		};
		0590210D21A2CE1B00E91FCC /* Build configuration list for PBXNativeTarget "MovieFinder" */ = {
			isa = XCConfigurationList;
			buildConfigurations = (
				0590210E21A2CE1B00E91FCC /* Debug */,
				0590210F21A2CE1B00E91FCC /* Release */,
			);
			defaultConfigurationIsVisible = 0;
			defaultConfigurationName = Release;
		};
		0590211021A2CE1B00E91FCC /* Build configuration list for PBXNativeTarget "MovieFinderTests" */ = {
			isa = XCConfigurationList;
			buildConfigurations = (
				0590211121A2CE1B00E91FCC /* Debug */,
				0590211221A2CE1B00E91FCC /* Release */,
			);
			defaultConfigurationIsVisible = 0;
			defaultConfigurationName = Release;
		};
/* End XCConfigurationList section */

/* Begin XCVersionGroup section */
		059020F721A2CE1A00E91FCC /* MovieFinder.xcdatamodeld */ = {
			isa = XCVersionGroup;
			children = (
				059020F821A2CE1A00E91FCC /* MovieFinder.xcdatamodel */,
			);
			currentVersion = 059020F821A2CE1A00E91FCC /* MovieFinder.xcdatamodel */;
			path = MovieFinder.xcdatamodeld;
			sourceTree = "<group>";
			versionGroupType = wrapper.xcdatamodel;
		};
/* End XCVersionGroup section */
	};
	rootObject = 059020E521A2CE1A00E91FCC /* Project object */;
}
